// !$*UTF8*$!
{
	archiveVersion = 1;
	classes = {
	};
	objectVersion = 50;
	objects = {

/* Begin PBXBuildFile section */
		9255909B23888FD400554523 /* GuessVC.swift in Sources */ = {isa = PBXBuildFile; fileRef = 9255909A23888FD400554523 /* GuessVC.swift */; };
		9255909D23896C8500554523 /* Player.swift in Sources */ = {isa = PBXBuildFile; fileRef = 9255909C23896C8500554523 /* Player.swift */; };
		925590A223896F8400554523 /* Game.swift in Sources */ = {isa = PBXBuildFile; fileRef = 925590A123896F8400554523 /* Game.swift */; };
		92765373238772FE00D8F370 /* Item.swift in Sources */ = {isa = PBXBuildFile; fileRef = 92765372238772FE00D8F370 /* Item.swift */; };
		929B0EFC233666280041F11E /* AppDelegate.swift in Sources */ = {isa = PBXBuildFile; fileRef = 929B0EFB233666280041F11E /* AppDelegate.swift */; };
		929B0EFE233666280041F11E /* ViewController.swift in Sources */ = {isa = PBXBuildFile; fileRef = 929B0EFD233666280041F11E /* ViewController.swift */; };
		929B0F01233666280041F11E /* Main.storyboard in Resources */ = {isa = PBXBuildFile; fileRef = 929B0EFF233666280041F11E /* Main.storyboard */; };
		929B0F032336662B0041F11E /* Assets.xcassets in Resources */ = {isa = PBXBuildFile; fileRef = 929B0F022336662B0041F11E /* Assets.xcassets */; };
		929B0F062336662B0041F11E /* LaunchScreen.storyboard in Resources */ = {isa = PBXBuildFile; fileRef = 929B0F042336662B0041F11E /* LaunchScreen.storyboard */; };
		929B0F0E2337D1300041F11E /* GameVC.swift in Sources */ = {isa = PBXBuildFile; fileRef = 929B0F0D2337D1300041F11E /* GameVC.swift */; };
		929B0F16233817870041F11E /* GameManager.swift in Sources */ = {isa = PBXBuildFile; fileRef = 929B0F15233817870041F11E /* GameManager.swift */; };
		929B0F182338337E0041F11E /* DrawVC.swift in Sources */ = {isa = PBXBuildFile; fileRef = 929B0F172338337E0041F11E /* DrawVC.swift */; };
/* End PBXBuildFile section */

/* Begin PBXFileReference section */
		9255909A23888FD400554523 /* GuessVC.swift */ = {isa = PBXFileReference; lastKnownFileType = sourcecode.swift; path = GuessVC.swift; sourceTree = "<group>"; };
		9255909C23896C8500554523 /* Player.swift */ = {isa = PBXFileReference; lastKnownFileType = sourcecode.swift; path = Player.swift; sourceTree = "<group>"; };
		925590A123896F8400554523 /* Game.swift */ = {isa = PBXFileReference; lastKnownFileType = sourcecode.swift; path = Game.swift; sourceTree = "<group>"; };
		92765372238772FE00D8F370 /* Item.swift */ = {isa = PBXFileReference; lastKnownFileType = sourcecode.swift; path = Item.swift; sourceTree = "<group>"; };
		929B0EF8233666280041F11E /* DrawGame.app */ = {isa = PBXFileReference; explicitFileType = wrapper.application; includeInIndex = 0; path = DrawGame.app; sourceTree = BUILT_PRODUCTS_DIR; };
		929B0EFB233666280041F11E /* AppDelegate.swift */ = {isa = PBXFileReference; lastKnownFileType = sourcecode.swift; path = AppDelegate.swift; sourceTree = "<group>"; };
		929B0EFD233666280041F11E /* ViewController.swift */ = {isa = PBXFileReference; lastKnownFileType = sourcecode.swift; path = ViewController.swift; sourceTree = "<group>"; };
		929B0F00233666280041F11E /* Base */ = {isa = PBXFileReference; lastKnownFileType = file.storyboard; name = Base; path = Base.lproj/Main.storyboard; sourceTree = "<group>"; };
		929B0F022336662B0041F11E /* Assets.xcassets */ = {isa = PBXFileReference; lastKnownFileType = folder.assetcatalog; path = Assets.xcassets; sourceTree = "<group>"; };
		929B0F052336662B0041F11E /* Base */ = {isa = PBXFileReference; lastKnownFileType = file.storyboard; name = Base; path = Base.lproj/LaunchScreen.storyboard; sourceTree = "<group>"; };
		929B0F072336662B0041F11E /* Info.plist */ = {isa = PBXFileReference; lastKnownFileType = text.plist.xml; path = Info.plist; sourceTree = "<group>"; };
		929B0F0D2337D1300041F11E /* GameVC.swift */ = {isa = PBXFileReference; lastKnownFileType = sourcecode.swift; path = GameVC.swift; sourceTree = "<group>"; };
		929B0F15233817870041F11E /* GameManager.swift */ = {isa = PBXFileReference; lastKnownFileType = sourcecode.swift; path = GameManager.swift; sourceTree = "<group>"; };
		929B0F172338337E0041F11E /* DrawVC.swift */ = {isa = PBXFileReference; lastKnownFileType = sourcecode.swift; path = DrawVC.swift; sourceTree = "<group>"; };
/* End PBXFileReference section */

/* Begin PBXFrameworksBuildPhase section */
		929B0EF5233666280041F11E /* Frameworks */ = {
			isa = PBXFrameworksBuildPhase;
			buildActionMask = 2147483647;
			files = (
			);
			runOnlyForDeploymentPostprocessing = 0;
		};
/* End PBXFrameworksBuildPhase section */

/* Begin PBXGroup section */
		9255909E23896EC600554523 /* ViewControllers */ = {
			isa = PBXGroup;
			children = (
				9255909A23888FD400554523 /* GuessVC.swift */,
				929B0F172338337E0041F11E /* DrawVC.swift */,
				929B0F0D2337D1300041F11E /* GameVC.swift */,
				929B0EFD233666280041F11E /* ViewController.swift */,
			);
			path = ViewControllers;
			sourceTree = "<group>";
		};
		9255909F23896EE800554523 /* Model */ = {
			isa = PBXGroup;
			children = (
				929B0F15233817870041F11E /* GameManager.swift */,
				92765372238772FE00D8F370 /* Item.swift */,
				9255909C23896C8500554523 /* Player.swift */,
				925590A123896F8400554523 /* Game.swift */,
			);
			path = Model;
			sourceTree = "<group>";
		};
		925590A023896F1000554523 /* View */ = {
			isa = PBXGroup;
			children = (
				929B0EFF233666280041F11E /* Main.storyboard */,
			);
			path = View;
			sourceTree = "<group>";
		};
		929B0EEF233666280041F11E = {
			isa = PBXGroup;
			children = (
				929B0EFA233666280041F11E /* DrawGame */,
				929B0EF9233666280041F11E /* Products */,
			);
			sourceTree = "<group>";
		};
		929B0EF9233666280041F11E /* Products */ = {
			isa = PBXGroup;
			children = (
				929B0EF8233666280041F11E /* DrawGame.app */,
			);
			name = Products;
			sourceTree = "<group>";
		};
		929B0EFA233666280041F11E /* DrawGame */ = {
			isa = PBXGroup;
			children = (
				925590A023896F1000554523 /* View */,
				9255909F23896EE800554523 /* Model */,
				9255909E23896EC600554523 /* ViewControllers */,
				929B0EFB233666280041F11E /* AppDelegate.swift */,
				929B0F022336662B0041F11E /* Assets.xcassets */,
				929B0F042336662B0041F11E /* LaunchScreen.storyboard */,
				929B0F072336662B0041F11E /* Info.plist */,
			);
			path = DrawGame;
			sourceTree = "<group>";
		};
/* End PBXGroup section */

/* Begin PBXNativeTarget section */
		929B0EF7233666280041F11E /* DrawGame */ = {
			isa = PBXNativeTarget;
			buildConfigurationList = 929B0F0A2336662B0041F11E /* Build configuration list for PBXNativeTarget "DrawGame" */;
			buildPhases = (
				929B0EF4233666280041F11E /* Sources */,
				929B0EF5233666280041F11E /* Frameworks */,
				929B0EF6233666280041F11E /* Resources */,
			);
			buildRules = (
			);
			dependencies = (
			);
			name = DrawGame;
			productName = DrawGame;
			productReference = 929B0EF8233666280041F11E /* DrawGame.app */;
			productType = "com.apple.product-type.application";
		};
/* End PBXNativeTarget section */

/* Begin PBXProject section */
		929B0EF0233666280041F11E /* Project object */ = {
			isa = PBXProject;
			attributes = {
				LastSwiftUpdateCheck = 1030;
				LastUpgradeCheck = 1030;
				ORGANIZATIONNAME = "Anthony Cianfrocco";
				TargetAttributes = {
					929B0EF7233666280041F11E = {
						CreatedOnToolsVersion = 10.3;
						LastSwiftMigration = 1030;
					};
				};
			};
			buildConfigurationList = 929B0EF3233666280041F11E /* Build configuration list for PBXProject "DrawGame" */;
			compatibilityVersion = "Xcode 9.3";
			developmentRegion = en;
			hasScannedForEncodings = 0;
			knownRegions = (
				en,
				Base,
			);
			mainGroup = 929B0EEF233666280041F11E;
			productRefGroup = 929B0EF9233666280041F11E /* Products */;
			projectDirPath = "";
			projectRoot = "";
			targets = (
				929B0EF7233666280041F11E /* DrawGame */,
			);
		};
/* End PBXProject section */

/* Begin PBXResourcesBuildPhase section */
		929B0EF6233666280041F11E /* Resources */ = {
			isa = PBXResourcesBuildPhase;
			buildActionMask = 2147483647;
			files = (
				929B0F062336662B0041F11E /* LaunchScreen.storyboard in Resources */,
				929B0F032336662B0041F11E /* Assets.xcassets in Resources */,
				929B0F01233666280041F11E /* Main.storyboard in Resources */,
			);
			runOnlyForDeploymentPostprocessing = 0;
		};
/* End PBXResourcesBuildPhase section */

/* Begin PBXSourcesBuildPhase section */
		929B0EF4233666280041F11E /* Sources */ = {
			isa = PBXSourcesBuildPhase;
			buildActionMask = 2147483647;
			files = (
				929B0EFE233666280041F11E /* ViewController.swift in Sources */,
				925590A223896F8400554523 /* Game.swift in Sources */,
				929B0F16233817870041F11E /* GameManager.swift in Sources */,
				929B0F0E2337D1300041F11E /* GameVC.swift in Sources */,
				929B0F182338337E0041F11E /* DrawVC.swift in Sources */,
				9255909D23896C8500554523 /* Player.swift in Sources */,
				92765373238772FE00D8F370 /* Item.swift in Sources */,
				929B0EFC233666280041F11E /* AppDelegate.swift in Sources */,
				9255909B23888FD400554523 /* GuessVC.swift in Sources */,
			);
			runOnlyForDeploymentPostprocessing = 0;
		};
/* End PBXSourcesBuildPhase section */

/* Begin PBXVariantGroup section */
		929B0EFF233666280041F11E /* Main.storyboard */ = {
			isa = PBXVariantGroup;
			children = (
				929B0F00233666280041F11E /* Base */,
			);
			name = Main.storyboard;
			sourceTree = "<group>";
		};
		929B0F042336662B0041F11E /* LaunchScreen.storyboard */ = {
			isa = PBXVariantGroup;
			children = (
				929B0F052336662B0041F11E /* Base */,
			);
			name = LaunchScreen.storyboard;
			sourceTree = "<group>";
		};
/* End PBXVariantGroup section */

/* Begin XCBuildConfiguration section */
		929B0F082336662B0041F11E /* Debug */ = {
			isa = XCBuildConfiguration;
			buildSettings = {
				ALWAYS_SEARCH_USER_PATHS = NO;
				CLANG_ANALYZER_NONNULL = YES;
				CLANG_ANALYZER_NUMBER_OBJECT_CONVERSION = YES_AGGRESSIVE;
				CLANG_CXX_LANGUAGE_STANDARD = "gnu++14";
				CLANG_CXX_LIBRARY = "libc++";
				CLANG_ENABLE_MODULES = YES;
				CLANG_ENABLE_OBJC_ARC = YES;
				CLANG_ENABLE_OBJC_WEAK = YES;
				CLANG_WARN_BLOCK_CAPTURE_AUTORELEASING = YES;
				CLANG_WARN_BOOL_CONVERSION = YES;
				CLANG_WARN_COMMA = YES;
				CLANG_WARN_CONSTANT_CONVERSION = YES;
				CLANG_WARN_DEPRECATED_OBJC_IMPLEMENTATIONS = YES;
				CLANG_WARN_DIRECT_OBJC_ISA_USAGE = YES_ERROR;
				CLANG_WARN_DOCUMENTATION_COMMENTS = YES;
				CLANG_WARN_EMPTY_BODY = YES;
				CLANG_WARN_ENUM_CONVERSION = YES;
				CLANG_WARN_INFINITE_RECURSION = YES;
				CLANG_WARN_INT_CONVERSION = YES;
				CLANG_WARN_NON_LITERAL_NULL_CONVERSION = YES;
				CLANG_WARN_OBJC_IMPLICIT_RETAIN_SELF = YES;
				CLANG_WARN_OBJC_LITERAL_CONVERSION = YES;
				CLANG_WARN_OBJC_ROOT_CLASS = YES_ERROR;
				CLANG_WARN_RANGE_LOOP_ANALYSIS = YES;
				CLANG_WARN_STRICT_PROTOTYPES = YES;
				CLANG_WARN_SUSPICIOUS_MOVE = YES;
				CLANG_WARN_UNGUARDED_AVAILABILITY = YES_AGGRESSIVE;
				CLANG_WARN_UNREACHABLE_CODE = YES;
				CLANG_WARN__DUPLICATE_METHOD_MATCH = YES;
				CODE_SIGN_IDENTITY = "iPhone Developer";
				COPY_PHASE_STRIP = NO;
				DEBUG_INFORMATION_FORMAT = dwarf;
				ENABLE_STRICT_OBJC_MSGSEND = YES;
				ENABLE_TESTABILITY = YES;
				GCC_C_LANGUAGE_STANDARD = gnu11;
				GCC_DYNAMIC_NO_PIC = NO;
				GCC_NO_COMMON_BLOCKS = YES;
				GCC_OPTIMIZATION_LEVEL = 0;
				GCC_PREPROCESSOR_DEFINITIONS = (
					"DEBUG=1",
					"$(inherited)",
				);
				GCC_WARN_64_TO_32_BIT_CONVERSION = YES;
				GCC_WARN_ABOUT_RETURN_TYPE = YES_ERROR;
				GCC_WARN_UNDECLARED_SELECTOR = YES;
				GCC_WARN_UNINITIALIZED_AUTOS = YES_AGGRESSIVE;
				GCC_WARN_UNUSED_FUNCTION = YES;
				GCC_WARN_UNUSED_VARIABLE = YES;
				IPHONEOS_DEPLOYMENT_TARGET = 12.4;
				MTL_ENABLE_DEBUG_INFO = INCLUDE_SOURCE;
				MTL_FAST_MATH = YES;
				ONLY_ACTIVE_ARCH = YES;
				SDKROOT = iphoneos;
				SWIFT_ACTIVE_COMPILATION_CONDITIONS = DEBUG;
				SWIFT_OPTIMIZATION_LEVEL = "-Onone";
			};
			name = Debug;
		};
		929B0F092336662B0041F11E /* Release */ = {
			isa = XCBuildConfiguration;
			buildSettings = {
				ALWAYS_SEARCH_USER_PATHS = NO;
				CLANG_ANALYZER_NONNULL = YES;
				CLANG_ANALYZER_NUMBER_OBJECT_CONVERSION = YES_AGGRESSIVE;
				CLANG_CXX_LANGUAGE_STANDARD = "gnu++14";
				CLANG_CXX_LIBRARY = "libc++";
				CLANG_ENABLE_MODULES = YES;
				CLANG_ENABLE_OBJC_ARC = YES;
				CLANG_ENABLE_OBJC_WEAK = YES;
				CLANG_WARN_BLOCK_CAPTURE_AUTORELEASING = YES;
				CLANG_WARN_BOOL_CONVERSION = YES;
				CLANG_WARN_COMMA = YES;
				CLANG_WARN_CONSTANT_CONVERSION = YES;
				CLANG_WARN_DEPRECATED_OBJC_IMPLEMENTATIONS = YES;
				CLANG_WARN_DIRECT_OBJC_ISA_USAGE = YES_ERROR;
				CLANG_WARN_DOCUMENTATION_COMMENTS = YES;
				CLANG_WARN_EMPTY_BODY = YES;
				CLANG_WARN_ENUM_CONVERSION = YES;
				CLANG_WARN_INFINITE_RECURSION = YES;
				CLANG_WARN_INT_CONVERSION = YES;
				CLANG_WARN_NON_LITERAL_NULL_CONVERSION = YES;
				CLANG_WARN_OBJC_IMPLICIT_RETAIN_SELF = YES;
				CLANG_WARN_OBJC_LITERAL_CONVERSION = YES;
				CLANG_WARN_OBJC_ROOT_CLASS = YES_ERROR;
				CLANG_WARN_RANGE_LOOP_ANALYSIS = YES;
				CLANG_WARN_STRICT_PROTOTYPES = YES;
				CLANG_WARN_SUSPICIOUS_MOVE = YES;
				CLANG_WARN_UNGUARDED_AVAILABILITY = YES_AGGRESSIVE;
				CLANG_WARN_UNREACHABLE_CODE = YES;
				CLANG_WARN__DUPLICATE_METHOD_MATCH = YES;
				CODE_SIGN_IDENTITY = "iPhone Developer";
				COPY_PHASE_STRIP = NO;
				DEBUG_INFORMATION_FORMAT = "dwarf-with-dsym";
				ENABLE_NS_ASSERTIONS = NO;
				ENABLE_STRICT_OBJC_MSGSEND = YES;
				GCC_C_LANGUAGE_STANDARD = gnu11;
				GCC_NO_COMMON_BLOCKS = YES;
				GCC_WARN_64_TO_32_BIT_CONVERSION = YES;
				GCC_WARN_ABOUT_RETURN_TYPE = YES_ERROR;
				GCC_WARN_UNDECLARED_SELECTOR = YES;
				GCC_WARN_UNINITIALIZED_AUTOS = YES_AGGRESSIVE;
				GCC_WARN_UNUSED_FUNCTION = YES;
				GCC_WARN_UNUSED_VARIABLE = YES;
				IPHONEOS_DEPLOYMENT_TARGET = 12.4;
				MTL_ENABLE_DEBUG_INFO = NO;
				MTL_FAST_MATH = YES;
				SDKROOT = iphoneos;
				SWIFT_COMPILATION_MODE = wholemodule;
				SWIFT_OPTIMIZATION_LEVEL = "-O";
				VALIDATE_PRODUCT = YES;
			};
			name = Release;
		};
		929B0F0B2336662B0041F11E /* Debug */ = {
			isa = XCBuildConfiguration;
			buildSettings = {
				ASSETCATALOG_COMPILER_APPICON_NAME = AppIcon;
				CLANG_ENABLE_MODULES = YES;
				CODE_SIGN_STYLE = Automatic;
				DEVELOPMENT_TEAM = N7HAUF9TT9;
				INFOPLIST_FILE = DrawGame/Info.plist;
				LD_RUNPATH_SEARCH_PATHS = (
					"$(inherited)",
					"@executable_path/Frameworks",
				);
				PRODUCT_BUNDLE_IDENTIFIER = com.acianfrocco.drawbeer.DrawGame;
				PRODUCT_NAME = "$(TARGET_NAME)";
				SWIFT_OPTIMIZATION_LEVEL = "-Onone";
				SWIFT_VERSION = 5.0;
				TARGETED_DEVICE_FAMILY = "1,2";
			};
			name = Debug;
		};
		929B0F0C2336662B0041F11E /* Release */ = {
			isa = XCBuildConfiguration;
			buildSettings = {
				ASSETCATALOG_COMPILER_APPICON_NAME = AppIcon;
				CLANG_ENABLE_MODULES = YES;
				CODE_SIGN_STYLE = Automatic;
				DEVELOPMENT_TEAM = N7HAUF9TT9;
				INFOPLIST_FILE = DrawGame/Info.plist;
				LD_RUNPATH_SEARCH_PATHS = (
					"$(inherited)",
					"@executable_path/Frameworks",
				);
				PRODUCT_BUNDLE_IDENTIFIER = com.acianfrocco.drawbeer.DrawGame;
				PRODUCT_NAME = "$(TARGET_NAME)";
				SWIFT_VERSION = 5.0;
				TARGETED_DEVICE_FAMILY = "1,2";
			};
			name = Release;
		};
/* End XCBuildConfiguration section */

/* Begin XCConfigurationList section */
		929B0EF3233666280041F11E /* Build configuration list for PBXProject "DrawGame" */ = {
			isa = XCConfigurationList;
			buildConfigurations = (
				929B0F082336662B0041F11E /* Debug */,
				929B0F092336662B0041F11E /* Release */,
			);
			defaultConfigurationIsVisible = 0;
			defaultConfigurationName = Release;
		};
		929B0F0A2336662B0041F11E /* Build configuration list for PBXNativeTarget "DrawGame" */ = {
			isa = XCConfigurationList;
			buildConfigurations = (
				929B0F0B2336662B0041F11E /* Debug */,
				929B0F0C2336662B0041F11E /* Release */,
			);
			defaultConfigurationIsVisible = 0;
			defaultConfigurationName = Release;
		};
/* End XCConfigurationList section */
	};
	rootObject = 929B0EF0233666280041F11E /* Project object */;
}
